
Microsoft Visual Studio Solution File, Format Version 12.00
# Visual Studio Version 17
VisualStudioVersion = 17.4.33205.214
MinimumVisualStudioVersion = 10.0.40219.1
Project("{FAE04EC0-301F-11D3-BF4B-00C04F79EFBC}") = "Dapper.Imersao", "Dapper.Imersao\Dapper.Imersao.csproj", "{247C17BA-14A9-4DA0-BC19-BAE25B231783}"
EndProject
Global
	GlobalSection(SolutionConfigurationPlatforms) = preSolution
		Debug|Any CPU = Debug|Any CPU
		Release|Any CPU = Release|Any CPU
	EndGlobalSection
	GlobalSection(ProjectConfigurationPlatforms) = postSolution
		{247C17BA-14A9-4DA0-BC19-BAE25B231783}.Debug|Any CPU.ActiveCfg = Debug|Any CPU
		{247C17BA-14A9-4DA0-BC19-BAE25B231783}.Debug|Any CPU.Build.0 = Debug|Any CPU
		{247C17BA-14A9-4DA0-BC19-BAE25B231783}.Release|Any CPU.ActiveCfg = Release|Any CPU
		{247C17BA-14A9-4DA0-BC19-BAE25B231783}.Release|Any CPU.Build.0 = Release|Any CPU
	EndGlobalSection
	GlobalSection(SolutionProperties) = preSolution
		HideSolutionNode = FALSE
	EndGlobalSection
	GlobalSection(ExtensibilityGlobals) = postSolution
		SolutionGuid = {2083F463-864A-4EC8-B122-4AAC23718AF3}
	EndGlobalSection
EndGlobal
