
Microsoft Visual Studio Solution File, Format Version 12.00
# Visual Studio Version 17
VisualStudioVersion = 17.4.33205.214
MinimumVisualStudioVersion = 10.0.40219.1
Project("{FAE04EC0-301F-11D3-BF4B-00C04F79EFBC}") = "Dapper.Desafio", "Dapper.Desafio\Dapper.Desafio.csproj", "{C6002587-72C8-4EB8-91D6-9E8D5705654B}"
EndProject
Global
	GlobalSection(SolutionConfigurationPlatforms) = preSolution
		Debug|Any CPU = Debug|Any CPU
		Release|Any CPU = Release|Any CPU
	EndGlobalSection
	GlobalSection(ProjectConfigurationPlatforms) = postSolution
		{C6002587-72C8-4EB8-91D6-9E8D5705654B}.Debug|Any CPU.ActiveCfg = Debug|Any CPU
		{C6002587-72C8-4EB8-91D6-9E8D5705654B}.Debug|Any CPU.Build.0 = Debug|Any CPU
		{C6002587-72C8-4EB8-91D6-9E8D5705654B}.Release|Any CPU.ActiveCfg = Release|Any CPU
		{C6002587-72C8-4EB8-91D6-9E8D5705654B}.Release|Any CPU.Build.0 = Release|Any CPU
	EndGlobalSection
	GlobalSection(SolutionProperties) = preSolution
		HideSolutionNode = FALSE
	EndGlobalSection
	GlobalSection(ExtensibilityGlobals) = postSolution
		SolutionGuid = {088027DF-ABFA-42AF-80F9-7CD34CF5F075}
	EndGlobalSection
EndGlobal
